
Microsoft Visual Studio Solution File, Format Version 12.00
# Visual Studio Version 17
VisualStudioVersion = 17.3.32929.385
MinimumVisualStudioVersion = 10.0.40219.1
Project("{FAE04EC0-301F-11D3-BF4B-00C04F79EFBC}") = "SummerStudentCamp", "SummerStudentCamp.csproj", "{76C41FEF-52D2-496D-80AD-A6BC6FDD586F}"
EndProject
Global
	GlobalSection(SolutionConfigurationPlatforms) = preSolution
		Debug|Any CPU = Debug|Any CPU
		Release|Any CPU = Release|Any CPU
	EndGlobalSection
	GlobalSection(ProjectConfigurationPlatforms) = postSolution
		{76C41FEF-52D2-496D-80AD-A6BC6FDD586F}.Debug|Any CPU.ActiveCfg = Debug|Any CPU
		{76C41FEF-52D2-496D-80AD-A6BC6FDD586F}.Debug|Any CPU.Build.0 = Debug|Any CPU
		{76C41FEF-52D2-496D-80AD-A6BC6FDD586F}.Release|Any CPU.ActiveCfg = Release|Any CPU
		{76C41FEF-52D2-496D-80AD-A6BC6FDD586F}.Release|Any CPU.Build.0 = Release|Any CPU
	EndGlobalSection
	GlobalSection(SolutionProperties) = preSolution
		HideSolutionNode = FALSE
	EndGlobalSection
	GlobalSection(ExtensibilityGlobals) = postSolution
		SolutionGuid = {DD5B5BEB-6C0C-4168-A24F-ED5C57EA7FF0}
	EndGlobalSection
EndGlobal
